// !$*UTF8*$!
{
	archiveVersion = 1;
	classes = {
	};
	objectVersion = 50;
	objects = {

/* Begin PBXBuildFile section */
		65B363282105D62C00C776A5 /* AppDelegate.m in Sources */ = {isa = PBXBuildFile; fileRef = 65B363272105D62C00C776A5 /* AppDelegate.m */; };
		65B3632B2105D62C00C776A5 /* ViewController.m in Sources */ = {isa = PBXBuildFile; fileRef = 65B3632A2105D62C00C776A5 /* ViewController.m */; };
		65B3632E2105D62C00C776A5 /* Main.storyboard in Resources */ = {isa = PBXBuildFile; fileRef = 65B3632C2105D62C00C776A5 /* Main.storyboard */; };
		65B363302105D62E00C776A5 /* Assets.xcassets in Resources */ = {isa = PBXBuildFile; fileRef = 65B3632F2105D62E00C776A5 /* Assets.xcassets */; };
		65B363332105D62E00C776A5 /* LaunchScreen.storyboard in Resources */ = {isa = PBXBuildFile; fileRef = 65B363312105D62E00C776A5 /* LaunchScreen.storyboard */; };
		65B363362105D62E00C776A5 /* main.m in Sources */ = {isa = PBXBuildFile; fileRef = 65B363352105D62E00C776A5 /* main.m */; };
/* End PBXBuildFile section */

/* Begin PBXFileReference section */
		65B363232105D62C00C776A5 /* JWFindNumberString.app */ = {isa = PBXFileReference; explicitFileType = wrapper.application; includeInIndex = 0; path = JWFindNumberString.app; sourceTree = BUILT_PRODUCTS_DIR; };
		65B363262105D62C00C776A5 /* AppDelegate.h */ = {isa = PBXFileReference; lastKnownFileType = sourcecode.c.h; path = AppDelegate.h; sourceTree = "<group>"; };
		65B363272105D62C00C776A5 /* AppDelegate.m */ = {isa = PBXFileReference; lastKnownFileType = sourcecode.c.objc; path = AppDelegate.m; sourceTree = "<group>"; };
		65B363292105D62C00C776A5 /* ViewController.h */ = {isa = PBXFileReference; lastKnownFileType = sourcecode.c.h; path = ViewController.h; sourceTree = "<group>"; };
		65B3632A2105D62C00C776A5 /* ViewController.m */ = {isa = PBXFileReference; lastKnownFileType = sourcecode.c.objc; path = ViewController.m; sourceTree = "<group>"; };
		65B3632D2105D62C00C776A5 /* Base */ = {isa = PBXFileReference; lastKnownFileType = file.storyboard; name = Base; path = Base.lproj/Main.storyboard; sourceTree = "<group>"; };
		65B3632F2105D62E00C776A5 /* Assets.xcassets */ = {isa = PBXFileReference; lastKnownFileType = folder.assetcatalog; path = Assets.xcassets; sourceTree = "<group>"; };
		65B363322105D62E00C776A5 /* Base */ = {isa = PBXFileReference; lastKnownFileType = file.storyboard; name = Base; path = Base.lproj/LaunchScreen.storyboard; sourceTree = "<group>"; };
		65B363342105D62E00C776A5 /* Info.plist */ = {isa = PBXFileReference; lastKnownFileType = text.plist.xml; path = Info.plist; sourceTree = "<group>"; };
		65B363352105D62E00C776A5 /* main.m */ = {isa = PBXFileReference; lastKnownFileType = sourcecode.c.objc; path = main.m; sourceTree = "<group>"; };
/* End PBXFileReference section */

/* Begin PBXFrameworksBuildPhase section */
		65B363202105D62C00C776A5 /* Frameworks */ = {
			isa = PBXFrameworksBuildPhase;
			buildActionMask = 2147483647;
			files = (
			);
			runOnlyForDeploymentPostprocessing = 0;
		};
/* End PBXFrameworksBuildPhase section */

/* Begin PBXGroup section */
		65B3631A2105D62C00C776A5 = {
			isa = PBXGroup;
			children = (
				65B363252105D62C00C776A5 /* JWFindNumberString */,
				65B363242105D62C00C776A5 /* Products */,
			);
			sourceTree = "<group>";
		};
		65B363242105D62C00C776A5 /* Products */ = {
			isa = PBXGroup;
			children = (
				65B363232105D62C00C776A5 /* JWFindNumberString.app */,
			);
			name = Products;
			sourceTree = "<group>";
		};
		65B363252105D62C00C776A5 /* JWFindNumberString */ = {
			isa = PBXGroup;
			children = (
				65B363262105D62C00C776A5 /* AppDelegate.h */,
				65B363272105D62C00C776A5 /* AppDelegate.m */,
				65B363292105D62C00C776A5 /* ViewController.h */,
				65B3632A2105D62C00C776A5 /* ViewController.m */,
				65B3632C2105D62C00C776A5 /* Main.storyboard */,
				65B3632F2105D62E00C776A5 /* Assets.xcassets */,
				65B363312105D62E00C776A5 /* LaunchScreen.storyboard */,
				65B363342105D62E00C776A5 /* Info.plist */,
				65B363352105D62E00C776A5 /* main.m */,
			);
			path = JWFindNumberString;
			sourceTree = "<group>";
		};
/* End PBXGroup section */

/* Begin PBXNativeTarget section */
		65B363222105D62C00C776A5 /* JWFindNumberString */ = {
			isa = PBXNativeTarget;
			buildConfigurationList = 65B363392105D62E00C776A5 /* Build configuration list for PBXNativeTarget "JWFindNumberString" */;
			buildPhases = (
				65B3631F2105D62C00C776A5 /* Sources */,
				65B363202105D62C00C776A5 /* Frameworks */,
				65B363212105D62C00C776A5 /* Resources */,
			);
			buildRules = (
			);
			dependencies = (
			);
			name = JWFindNumberString;
			productName = JWFindNumberString;
			productReference = 65B363232105D62C00C776A5 /* JWFindNumberString.app */;
			productType = "com.apple.product-type.application";
		};
/* End PBXNativeTarget section */

/* Begin PBXProject section */
		65B3631B2105D62C00C776A5 /* Project object */ = {
			isa = PBXProject;
			attributes = {
				LastUpgradeCheck = 0940;
				ORGANIZATIONNAME = JessieWu;
				TargetAttributes = {
					65B363222105D62C00C776A5 = {
						CreatedOnToolsVersion = 9.4.1;
					};
				};
			};
			buildConfigurationList = 65B3631E2105D62C00C776A5 /* Build configuration list for PBXProject "JWFindNumberString" */;
			compatibilityVersion = "Xcode 9.3";
			developmentRegion = en;
			hasScannedForEncodings = 0;
			knownRegions = (
				en,
				Base,
			);
			mainGroup = 65B3631A2105D62C00C776A5;
			productRefGroup = 65B363242105D62C00C776A5 /* Products */;
			projectDirPath = "";
			projectRoot = "";
			targets = (
				65B363222105D62C00C776A5 /* JWFindNumberString */,
			);
		};
/* End PBXProject section */

/* Begin PBXResourcesBuildPhase section */
		65B363212105D62C00C776A5 /* Resources */ = {
			isa = PBXResourcesBuildPhase;
			buildActionMask = 2147483647;
			files = (
				65B363332105D62E00C776A5 /* LaunchScreen.storyboard in Resources */,
				65B363302105D62E00C776A5 /* Assets.xcassets in Resources */,
				65B3632E2105D62C00C776A5 /* Main.storyboard in Resources */,
			);
			runOnlyForDeploymentPostprocessing = 0;
		};
/* End PBXResourcesBuildPhase section */

/* Begin PBXSourcesBuildPhase section */
		65B3631F2105D62C00C776A5 /* Sources */ = {
			isa = PBXSourcesBuildPhase;
			buildActionMask = 2147483647;
			files = (
				65B3632B2105D62C00C776A5 /* ViewController.m in Sources */,
				65B363362105D62E00C776A5 /* main.m in Sources */,
				65B363282105D62C00C776A5 /* AppDelegate.m in Sources */,
			);
			runOnlyForDeploymentPostprocessing = 0;
		};
/* End PBXSourcesBuildPhase section */

/* Begin PBXVariantGroup section */
		65B3632C2105D62C00C776A5 /* Main.storyboard */ = {
			isa = PBXVariantGroup;
			children = (
				65B3632D2105D62C00C776A5 /* Base */,
			);
			name = Main.storyboard;
			sourceTree = "<group>";
		};
		65B363312105D62E00C776A5 /* LaunchScreen.storyboard */ = {
			isa = PBXVariantGroup;
			children = (
				65B363322105D62E00C776A5 /* Base */,
			);
			name = LaunchScreen.storyboard;
			sourceTree = "<group>";
		};
/* End PBXVariantGroup section */

/* Begin XCBuildConfiguration section */
		65B363372105D62E00C776A5 /* Debug */ = {
			isa = XCBuildConfiguration;
			buildSettings = {
				ALWAYS_SEARCH_USER_PATHS = NO;
				CLANG_ANALYZER_NONNULL = YES;
				CLANG_ANALYZER_NUMBER_OBJECT_CONVERSION = YES_AGGRESSIVE;
				CLANG_CXX_LANGUAGE_STANDARD = "gnu++14";
				CLANG_CXX_LIBRARY = "libc++";
				CLANG_ENABLE_MODULES = YES;
				CLANG_ENABLE_OBJC_ARC = YES;
				CLANG_ENABLE_OBJC_WEAK = YES;
				CLANG_WARN_BLOCK_CAPTURE_AUTORELEASING = YES;
				CLANG_WARN_BOOL_CONVERSION = YES;
				CLANG_WARN_COMMA = YES;
				CLANG_WARN_CONSTANT_CONVERSION = YES;
				CLANG_WARN_DEPRECATED_OBJC_IMPLEMENTATIONS = YES;
				CLANG_WARN_DIRECT_OBJC_ISA_USAGE = YES_ERROR;
				CLANG_WARN_DOCUMENTATION_COMMENTS = YES;
				CLANG_WARN_EMPTY_BODY = YES;
				CLANG_WARN_ENUM_CONVERSION = YES;
				CLANG_WARN_INFINITE_RECURSION = YES;
				CLANG_WARN_INT_CONVERSION = YES;
				CLANG_WARN_NON_LITERAL_NULL_CONVERSION = YES;
				CLANG_WARN_OBJC_IMPLICIT_RETAIN_SELF = YES;
				CLANG_WARN_OBJC_LITERAL_CONVERSION = YES;
				CLANG_WARN_OBJC_ROOT_CLASS = YES_ERROR;
				CLANG_WARN_RANGE_LOOP_ANALYSIS = YES;
				CLANG_WARN_STRICT_PROTOTYPES = YES;
				CLANG_WARN_SUSPICIOUS_MOVE = YES;
				CLANG_WARN_UNGUARDED_AVAILABILITY = YES_AGGRESSIVE;
				CLANG_WARN_UNREACHABLE_CODE = YES;
				CLANG_WARN__DUPLICATE_METHOD_MATCH = YES;
				CODE_SIGN_IDENTITY = "iPhone Developer";
				COPY_PHASE_STRIP = NO;
				DEBUG_INFORMATION_FORMAT = dwarf;
				ENABLE_STRICT_OBJC_MSGSEND = YES;
				ENABLE_TESTABILITY = YES;
				GCC_C_LANGUAGE_STANDARD = gnu11;
				GCC_DYNAMIC_NO_PIC = NO;
				GCC_NO_COMMON_BLOCKS = YES;
				GCC_OPTIMIZATION_LEVEL = 0;
				GCC_PREPROCESSOR_DEFINITIONS = (
					"DEBUG=1",
					"$(inherited)",
				);
				GCC_WARN_64_TO_32_BIT_CONVERSION = YES;
				GCC_WARN_ABOUT_RETURN_TYPE = YES_ERROR;
				GCC_WARN_UNDECLARED_SELECTOR = YES;
				GCC_WARN_UNINITIALIZED_AUTOS = YES_AGGRESSIVE;
				GCC_WARN_UNUSED_FUNCTION = YES;
				GCC_WARN_UNUSED_VARIABLE = YES;
				IPHONEOS_DEPLOYMENT_TARGET = 11.4;
				MTL_ENABLE_DEBUG_INFO = YES;
				ONLY_ACTIVE_ARCH = YES;
				SDKROOT = iphoneos;
			};
			name = Debug;
		};
		65B363382105D62E00C776A5 /* Release */ = {
			isa = XCBuildConfiguration;
			buildSettings = {
				ALWAYS_SEARCH_USER_PATHS = NO;
				CLANG_ANALYZER_NONNULL = YES;
				CLANG_ANALYZER_NUMBER_OBJECT_CONVERSION = YES_AGGRESSIVE;
				CLANG_CXX_LANGUAGE_STANDARD = "gnu++14";
				CLANG_CXX_LIBRARY = "libc++";
				CLANG_ENABLE_MODULES = YES;
				CLANG_ENABLE_OBJC_ARC = YES;
				CLANG_ENABLE_OBJC_WEAK = YES;
				CLANG_WARN_BLOCK_CAPTURE_AUTORELEASING = YES;
				CLANG_WARN_BOOL_CONVERSION = YES;
				CLANG_WARN_COMMA = YES;
				CLANG_WARN_CONSTANT_CONVERSION = YES;
				CLANG_WARN_DEPRECATED_OBJC_IMPLEMENTATIONS = YES;
				CLANG_WARN_DIRECT_OBJC_ISA_USAGE = YES_ERROR;
				CLANG_WARN_DOCUMENTATION_COMMENTS = YES;
				CLANG_WARN_EMPTY_BODY = YES;
				CLANG_WARN_ENUM_CONVERSION = YES;
				CLANG_WARN_INFINITE_RECURSION = YES;
				CLANG_WARN_INT_CONVERSION = YES;
				CLANG_WARN_NON_LITERAL_NULL_CONVERSION = YES;
				CLANG_WARN_OBJC_IMPLICIT_RETAIN_SELF = YES;
				CLANG_WARN_OBJC_LITERAL_CONVERSION = YES;
				CLANG_WARN_OBJC_ROOT_CLASS = YES_ERROR;
				CLANG_WARN_RANGE_LOOP_ANALYSIS = YES;
				CLANG_WARN_STRICT_PROTOTYPES = YES;
				CLANG_WARN_SUSPICIOUS_MOVE = YES;
				CLANG_WARN_UNGUARDED_AVAILABILITY = YES_AGGRESSIVE;
				CLANG_WARN_UNREACHABLE_CODE = YES;
				CLANG_WARN__DUPLICATE_METHOD_MATCH = YES;
				CODE_SIGN_IDENTITY = "iPhone Developer";
				COPY_PHASE_STRIP = NO;
				DEBUG_INFORMATION_FORMAT = "dwarf-with-dsym";
				ENABLE_NS_ASSERTIONS = NO;
				ENABLE_STRICT_OBJC_MSGSEND = YES;
				GCC_C_LANGUAGE_STANDARD = gnu11;
				GCC_NO_COMMON_BLOCKS = YES;
				GCC_WARN_64_TO_32_BIT_CONVERSION = YES;
				GCC_WARN_ABOUT_RETURN_TYPE = YES_ERROR;
				GCC_WARN_UNDECLARED_SELECTOR = YES;
				GCC_WARN_UNINITIALIZED_AUTOS = YES_AGGRESSIVE;
				GCC_WARN_UNUSED_FUNCTION = YES;
				GCC_WARN_UNUSED_VARIABLE = YES;
				IPHONEOS_DEPLOYMENT_TARGET = 11.4;
				MTL_ENABLE_DEBUG_INFO = NO;
				SDKROOT = iphoneos;
				VALIDATE_PRODUCT = YES;
			};
			name = Release;
		};
		65B3633A2105D62E00C776A5 /* Debug */ = {
			isa = XCBuildConfiguration;
			buildSettings = {
				ASSETCATALOG_COMPILER_APPICON_NAME = AppIcon;
				CODE_SIGN_STYLE = Automatic;
				DEVELOPMENT_TEAM = DT8MY6DL3S;
				INFOPLIST_FILE = JWFindNumberString/Info.plist;
				LD_RUNPATH_SEARCH_PATHS = (
					"$(inherited)",
					"@executable_path/Frameworks",
				);
				PRODUCT_BUNDLE_IDENTIFIER = jessiewu.JWFindNumberString;
				PRODUCT_NAME = "$(TARGET_NAME)";
				TARGETED_DEVICE_FAMILY = "1,2";
			};
			name = Debug;
		};
		65B3633B2105D62E00C776A5 /* Release */ = {
			isa = XCBuildConfiguration;
			buildSettings = {
				ASSETCATALOG_COMPILER_APPICON_NAME = AppIcon;
				CODE_SIGN_STYLE = Automatic;
				DEVELOPMENT_TEAM = DT8MY6DL3S;
				INFOPLIST_FILE = JWFindNumberString/Info.plist;
				LD_RUNPATH_SEARCH_PATHS = (
					"$(inherited)",
					"@executable_path/Frameworks",
				);
				PRODUCT_BUNDLE_IDENTIFIER = jessiewu.JWFindNumberString;
				PRODUCT_NAME = "$(TARGET_NAME)";
				TARGETED_DEVICE_FAMILY = "1,2";
			};
			name = Release;
		};
/* End XCBuildConfiguration section */

/* Begin XCConfigurationList section */
		65B3631E2105D62C00C776A5 /* Build configuration list for PBXProject "JWFindNumberString" */ = {
			isa = XCConfigurationList;
			buildConfigurations = (
				65B363372105D62E00C776A5 /* Debug */,
				65B363382105D62E00C776A5 /* Release */,
			);
			defaultConfigurationIsVisible = 0;
			defaultConfigurationName = Release;
		};
		65B363392105D62E00C776A5 /* Build configuration list for PBXNativeTarget "JWFindNumberString" */ = {
			isa = XCConfigurationList;
			buildConfigurations = (
				65B3633A2105D62E00C776A5 /* Debug */,
				65B3633B2105D62E00C776A5 /* Release */,
			);
			defaultConfigurationIsVisible = 0;
			defaultConfigurationName = Release;
		};
/* End XCConfigurationList section */
	};
	rootObject = 65B3631B2105D62C00C776A5 /* Project object */;
}
